
Microsoft Visual Studio Solution File, Format Version 12.00
# Visual Studio Version 16
VisualStudioVersion = 16.0.29102.190
MinimumVisualStudioVersion = 10.0.40219.1
Project("{FAE04EC0-301F-11D3-BF4B-00C04F79EFBC}") = "Calculator Version 2.0", "Calculator Version 2.0\Calculator Version 2.0.csproj", "{77758B7F-7C1D-4871-B65D-9C458E652A9D}"
EndProject
Global
	GlobalSection(SolutionConfigurationPlatforms) = preSolution
		Debug|Any CPU = Debug|Any CPU
		Release|Any CPU = Release|Any CPU
	EndGlobalSection
	GlobalSection(ProjectConfigurationPlatforms) = postSolution
		{77758B7F-7C1D-4871-B65D-9C458E652A9D}.Debug|Any CPU.ActiveCfg = Debug|Any CPU
		{77758B7F-7C1D-4871-B65D-9C458E652A9D}.Debug|Any CPU.Build.0 = Debug|Any CPU
		{77758B7F-7C1D-4871-B65D-9C458E652A9D}.Release|Any CPU.ActiveCfg = Release|Any CPU
		{77758B7F-7C1D-4871-B65D-9C458E652A9D}.Release|Any CPU.Build.0 = Release|Any CPU
	EndGlobalSection
	GlobalSection(SolutionProperties) = preSolution
		HideSolutionNode = FALSE
	EndGlobalSection
	GlobalSection(ExtensibilityGlobals) = postSolution
		SolutionGuid = {FFE2AA7F-23C1-4A60-80B2-E33312C7AE53}
	EndGlobalSection
EndGlobal
